
Microsoft Visual Studio Solution File, Format Version 12.00
# Visual Studio 15
VisualStudioVersion = 15.0.28010.2050
MinimumVisualStudioVersion = 10.0.40219.1
Project("{FAE04EC0-301F-11D3-BF4B-00C04F79EFBC}") = "WindowsFormsApp5", "WindowsFormsApp5\WindowsFormsApp5.csproj", "{8BBFD323-EE83-467A-9652-78097CE19FC8}"
EndProject
Global
	GlobalSection(SolutionConfigurationPlatforms) = preSolution
		Debug|Any CPU = Debug|Any CPU
		Release|Any CPU = Release|Any CPU
	EndGlobalSection
	GlobalSection(ProjectConfigurationPlatforms) = postSolution
		{8BBFD323-EE83-467A-9652-78097CE19FC8}.Debug|Any CPU.ActiveCfg = Debug|Any CPU
		{8BBFD323-EE83-467A-9652-78097CE19FC8}.Debug|Any CPU.Build.0 = Debug|Any CPU
		{8BBFD323-EE83-467A-9652-78097CE19FC8}.Release|Any CPU.ActiveCfg = Release|Any CPU
		{8BBFD323-EE83-467A-9652-78097CE19FC8}.Release|Any CPU.Build.0 = Release|Any CPU
	EndGlobalSection
	GlobalSection(SolutionProperties) = preSolution
		HideSolutionNode = FALSE
	EndGlobalSection
	GlobalSection(ExtensibilityGlobals) = postSolution
		SolutionGuid = {57289F6B-6BDA-4C81-89CC-9DFAB87389B8}
	EndGlobalSection
EndGlobal
