
Microsoft Visual Studio Solution File, Format Version 12.00
# Visual Studio 15
VisualStudioVersion = 15.0.28010.2050
MinimumVisualStudioVersion = 10.0.40219.1
Project("{FAE04EC0-301F-11D3-BF4B-00C04F79EFBC}") = "InexerTest", "InexerTest\InexerTest.csproj", "{BB177E39-7FE6-4FD3-8C60-29AB5BB6FF77}"
EndProject
Global
	GlobalSection(SolutionConfigurationPlatforms) = preSolution
		Debug|Any CPU = Debug|Any CPU
		Release|Any CPU = Release|Any CPU
	EndGlobalSection
	GlobalSection(ProjectConfigurationPlatforms) = postSolution
		{BB177E39-7FE6-4FD3-8C60-29AB5BB6FF77}.Debug|Any CPU.ActiveCfg = Debug|Any CPU
		{BB177E39-7FE6-4FD3-8C60-29AB5BB6FF77}.Debug|Any CPU.Build.0 = Debug|Any CPU
		{BB177E39-7FE6-4FD3-8C60-29AB5BB6FF77}.Release|Any CPU.ActiveCfg = Release|Any CPU
		{BB177E39-7FE6-4FD3-8C60-29AB5BB6FF77}.Release|Any CPU.Build.0 = Release|Any CPU
	EndGlobalSection
	GlobalSection(SolutionProperties) = preSolution
		HideSolutionNode = FALSE
	EndGlobalSection
	GlobalSection(ExtensibilityGlobals) = postSolution
		SolutionGuid = {C65597AC-335A-48E2-B0D0-EE8424E67B91}
	EndGlobalSection
EndGlobal
