
Microsoft Visual Studio Solution File, Format Version 12.00
# Visual Studio 15
VisualStudioVersion = 15.0.28010.2050
MinimumVisualStudioVersion = 10.0.40219.1
Project("{FAE04EC0-301F-11D3-BF4B-00C04F79EFBC}") = "Server2", "Server2\Server2.csproj", "{F116B911-EB8C-49DA-9F33-3D52E3B1CE91}"
EndProject
Global
	GlobalSection(SolutionConfigurationPlatforms) = preSolution
		Debug|Any CPU = Debug|Any CPU
		Release|Any CPU = Release|Any CPU
	EndGlobalSection
	GlobalSection(ProjectConfigurationPlatforms) = postSolution
		{F116B911-EB8C-49DA-9F33-3D52E3B1CE91}.Debug|Any CPU.ActiveCfg = Debug|Any CPU
		{F116B911-EB8C-49DA-9F33-3D52E3B1CE91}.Debug|Any CPU.Build.0 = Debug|Any CPU
		{F116B911-EB8C-49DA-9F33-3D52E3B1CE91}.Release|Any CPU.ActiveCfg = Release|Any CPU
		{F116B911-EB8C-49DA-9F33-3D52E3B1CE91}.Release|Any CPU.Build.0 = Release|Any CPU
	EndGlobalSection
	GlobalSection(SolutionProperties) = preSolution
		HideSolutionNode = FALSE
	EndGlobalSection
	GlobalSection(ExtensibilityGlobals) = postSolution
		SolutionGuid = {130E3680-29C8-42D0-959D-92924F8ED885}
	EndGlobalSection
EndGlobal
