
Microsoft Visual Studio Solution File, Format Version 12.00
# Visual Studio 15
VisualStudioVersion = 15.0.28010.2050
MinimumVisualStudioVersion = 10.0.40219.1
Project("{FAE04EC0-301F-11D3-BF4B-00C04F79EFBC}") = "OracleAdapterTest", "OracleAdapterTest\OracleAdapterTest.csproj", "{EF69309A-0479-40FA-B988-B5EE578EE812}"
EndProject
Global
	GlobalSection(SolutionConfigurationPlatforms) = preSolution
		Debug|Any CPU = Debug|Any CPU
		Release|Any CPU = Release|Any CPU
	EndGlobalSection
	GlobalSection(ProjectConfigurationPlatforms) = postSolution
		{EF69309A-0479-40FA-B988-B5EE578EE812}.Debug|Any CPU.ActiveCfg = Debug|Any CPU
		{EF69309A-0479-40FA-B988-B5EE578EE812}.Debug|Any CPU.Build.0 = Debug|Any CPU
		{EF69309A-0479-40FA-B988-B5EE578EE812}.Release|Any CPU.ActiveCfg = Release|Any CPU
		{EF69309A-0479-40FA-B988-B5EE578EE812}.Release|Any CPU.Build.0 = Release|Any CPU
	EndGlobalSection
	GlobalSection(SolutionProperties) = preSolution
		HideSolutionNode = FALSE
	EndGlobalSection
	GlobalSection(ExtensibilityGlobals) = postSolution
		SolutionGuid = {97783B7F-0282-4EF9-B455-F6EF10507216}
	EndGlobalSection
EndGlobal
