
Microsoft Visual Studio Solution File, Format Version 12.00
# Visual Studio 15
VisualStudioVersion = 15.0.28010.2050
MinimumVisualStudioVersion = 10.0.40219.1
Project("{FAE04EC0-301F-11D3-BF4B-00C04F79EFBC}") = "SwapTest", "SwapTest\SwapTest.csproj", "{7CCE07E8-3B62-41DB-B9F8-398F115116CF}"
EndProject
Global
	GlobalSection(SolutionConfigurationPlatforms) = preSolution
		Debug|Any CPU = Debug|Any CPU
		Release|Any CPU = Release|Any CPU
	EndGlobalSection
	GlobalSection(ProjectConfigurationPlatforms) = postSolution
		{7CCE07E8-3B62-41DB-B9F8-398F115116CF}.Debug|Any CPU.ActiveCfg = Debug|Any CPU
		{7CCE07E8-3B62-41DB-B9F8-398F115116CF}.Debug|Any CPU.Build.0 = Debug|Any CPU
		{7CCE07E8-3B62-41DB-B9F8-398F115116CF}.Release|Any CPU.ActiveCfg = Release|Any CPU
		{7CCE07E8-3B62-41DB-B9F8-398F115116CF}.Release|Any CPU.Build.0 = Release|Any CPU
	EndGlobalSection
	GlobalSection(SolutionProperties) = preSolution
		HideSolutionNode = FALSE
	EndGlobalSection
	GlobalSection(ExtensibilityGlobals) = postSolution
		SolutionGuid = {6C7D936C-DE48-4B6D-8EF5-0EF9EEB48074}
	EndGlobalSection
EndGlobal
