
Microsoft Visual Studio Solution File, Format Version 12.00
# Visual Studio 15
VisualStudioVersion = 15.0.28010.2050
MinimumVisualStudioVersion = 10.0.40219.1
Project("{FAE04EC0-301F-11D3-BF4B-00C04F79EFBC}") = "Ex10", "Ex10\Ex10.csproj", "{7D2067DA-E2A9-40F7-A666-C04CF423C9A1}"
EndProject
Global
	GlobalSection(SolutionConfigurationPlatforms) = preSolution
		Debug|Any CPU = Debug|Any CPU
		Release|Any CPU = Release|Any CPU
	EndGlobalSection
	GlobalSection(ProjectConfigurationPlatforms) = postSolution
		{7D2067DA-E2A9-40F7-A666-C04CF423C9A1}.Debug|Any CPU.ActiveCfg = Debug|Any CPU
		{7D2067DA-E2A9-40F7-A666-C04CF423C9A1}.Debug|Any CPU.Build.0 = Debug|Any CPU
		{7D2067DA-E2A9-40F7-A666-C04CF423C9A1}.Release|Any CPU.ActiveCfg = Release|Any CPU
		{7D2067DA-E2A9-40F7-A666-C04CF423C9A1}.Release|Any CPU.Build.0 = Release|Any CPU
	EndGlobalSection
	GlobalSection(SolutionProperties) = preSolution
		HideSolutionNode = FALSE
	EndGlobalSection
	GlobalSection(ExtensibilityGlobals) = postSolution
		SolutionGuid = {E20B8C42-4AEF-4064-B7AB-6094A461F7F6}
	EndGlobalSection
EndGlobal
