
Microsoft Visual Studio Solution File, Format Version 12.00
# Visual Studio 15
VisualStudioVersion = 15.0.28010.2050
MinimumVisualStudioVersion = 10.0.40219.1
Project("{FAE04EC0-301F-11D3-BF4B-00C04F79EFBC}") = "Lambda", "Lambda\Lambda.csproj", "{29B0880C-61F0-48C5-9165-F2380A9F1A67}"
EndProject
Global
	GlobalSection(SolutionConfigurationPlatforms) = preSolution
		Debug|Any CPU = Debug|Any CPU
		Release|Any CPU = Release|Any CPU
	EndGlobalSection
	GlobalSection(ProjectConfigurationPlatforms) = postSolution
		{29B0880C-61F0-48C5-9165-F2380A9F1A67}.Debug|Any CPU.ActiveCfg = Debug|Any CPU
		{29B0880C-61F0-48C5-9165-F2380A9F1A67}.Debug|Any CPU.Build.0 = Debug|Any CPU
		{29B0880C-61F0-48C5-9165-F2380A9F1A67}.Release|Any CPU.ActiveCfg = Release|Any CPU
		{29B0880C-61F0-48C5-9165-F2380A9F1A67}.Release|Any CPU.Build.0 = Release|Any CPU
	EndGlobalSection
	GlobalSection(SolutionProperties) = preSolution
		HideSolutionNode = FALSE
	EndGlobalSection
	GlobalSection(ExtensibilityGlobals) = postSolution
		SolutionGuid = {DB71D722-B055-4E99-AF90-D3106351E414}
	EndGlobalSection
EndGlobal
