
Microsoft Visual Studio Solution File, Format Version 12.00
# Visual Studio 15
VisualStudioVersion = 15.0.28010.2050
MinimumVisualStudioVersion = 10.0.40219.1
Project("{FAE04EC0-301F-11D3-BF4B-00C04F79EFBC}") = "Ex21", "Ex21\Ex21.csproj", "{17107060-7ECF-49FD-9972-04F22DBB2632}"
EndProject
Global
	GlobalSection(SolutionConfigurationPlatforms) = preSolution
		Debug|Any CPU = Debug|Any CPU
		Release|Any CPU = Release|Any CPU
	EndGlobalSection
	GlobalSection(ProjectConfigurationPlatforms) = postSolution
		{17107060-7ECF-49FD-9972-04F22DBB2632}.Debug|Any CPU.ActiveCfg = Debug|Any CPU
		{17107060-7ECF-49FD-9972-04F22DBB2632}.Debug|Any CPU.Build.0 = Debug|Any CPU
		{17107060-7ECF-49FD-9972-04F22DBB2632}.Release|Any CPU.ActiveCfg = Release|Any CPU
		{17107060-7ECF-49FD-9972-04F22DBB2632}.Release|Any CPU.Build.0 = Release|Any CPU
	EndGlobalSection
	GlobalSection(SolutionProperties) = preSolution
		HideSolutionNode = FALSE
	EndGlobalSection
	GlobalSection(ExtensibilityGlobals) = postSolution
		SolutionGuid = {7DF92FA9-1468-4F1E-A233-9D52E3C08E9A}
	EndGlobalSection
EndGlobal
