
Microsoft Visual Studio Solution File, Format Version 12.00
# Visual Studio 15
VisualStudioVersion = 15.0.28010.2050
MinimumVisualStudioVersion = 10.0.40219.1
Project("{FAE04EC0-301F-11D3-BF4B-00C04F79EFBC}") = "HashTableTest", "HashTableTest\HashTableTest.csproj", "{7D641E7B-D6DE-4BA1-ADEB-47D976C60A95}"
EndProject
Global
	GlobalSection(SolutionConfigurationPlatforms) = preSolution
		Debug|Any CPU = Debug|Any CPU
		Release|Any CPU = Release|Any CPU
	EndGlobalSection
	GlobalSection(ProjectConfigurationPlatforms) = postSolution
		{7D641E7B-D6DE-4BA1-ADEB-47D976C60A95}.Debug|Any CPU.ActiveCfg = Debug|Any CPU
		{7D641E7B-D6DE-4BA1-ADEB-47D976C60A95}.Debug|Any CPU.Build.0 = Debug|Any CPU
		{7D641E7B-D6DE-4BA1-ADEB-47D976C60A95}.Release|Any CPU.ActiveCfg = Release|Any CPU
		{7D641E7B-D6DE-4BA1-ADEB-47D976C60A95}.Release|Any CPU.Build.0 = Release|Any CPU
	EndGlobalSection
	GlobalSection(SolutionProperties) = preSolution
		HideSolutionNode = FALSE
	EndGlobalSection
	GlobalSection(ExtensibilityGlobals) = postSolution
		SolutionGuid = {F892D8B0-9ECC-4F20-83D4-27A581096312}
	EndGlobalSection
EndGlobal
