
Microsoft Visual Studio Solution File, Format Version 12.00
# Visual Studio 15
VisualStudioVersion = 15.0.28010.2050
MinimumVisualStudioVersion = 10.0.40219.1
Project("{FAE04EC0-301F-11D3-BF4B-00C04F79EFBC}") = "ChatServer", "ChatServer\ChatServer.csproj", "{F58E8DF3-49B2-4A96-8BC7-350A852457EF}"
EndProject
Global
	GlobalSection(SolutionConfigurationPlatforms) = preSolution
		Debug|Any CPU = Debug|Any CPU
		Release|Any CPU = Release|Any CPU
	EndGlobalSection
	GlobalSection(ProjectConfigurationPlatforms) = postSolution
		{F58E8DF3-49B2-4A96-8BC7-350A852457EF}.Debug|Any CPU.ActiveCfg = Debug|Any CPU
		{F58E8DF3-49B2-4A96-8BC7-350A852457EF}.Debug|Any CPU.Build.0 = Debug|Any CPU
		{F58E8DF3-49B2-4A96-8BC7-350A852457EF}.Release|Any CPU.ActiveCfg = Release|Any CPU
		{F58E8DF3-49B2-4A96-8BC7-350A852457EF}.Release|Any CPU.Build.0 = Release|Any CPU
	EndGlobalSection
	GlobalSection(SolutionProperties) = preSolution
		HideSolutionNode = FALSE
	EndGlobalSection
	GlobalSection(ExtensibilityGlobals) = postSolution
		SolutionGuid = {93DB49B4-EF95-44DE-B5D3-306948C70C87}
	EndGlobalSection
EndGlobal
